
Microsoft Visual Studio Solution File, Format Version 12.00
# Visual Studio Version 16
VisualStudioVersion = 16.0.31702.278
MinimumVisualStudioVersion = 10.0.40219.1
Project("{FAE04EC0-301F-11D3-BF4B-00C04F79EFBC}") = "FormsCommunication", "WindowsFormsApplication1\FormsCommunication.csproj", "{EE128A8E-EE01-44B5-9CBC-A4EC963860E4}"
EndProject
Global
	GlobalSection(SolutionConfigurationPlatforms) = preSolution
		Debug|Any CPU = Debug|Any CPU
		Release|Any CPU = Release|Any CPU
	EndGlobalSection
	GlobalSection(ProjectConfigurationPlatforms) = postSolution
		{EE128A8E-EE01-44B5-9CBC-A4EC963860E4}.Debug|Any CPU.ActiveCfg = Debug|Any CPU
		{EE128A8E-EE01-44B5-9CBC-A4EC963860E4}.Debug|Any CPU.Build.0 = Debug|Any CPU
		{EE128A8E-EE01-44B5-9CBC-A4EC963860E4}.Release|Any CPU.ActiveCfg = Release|Any CPU
		{EE128A8E-EE01-44B5-9CBC-A4EC963860E4}.Release|Any CPU.Build.0 = Release|Any CPU
	EndGlobalSection
	GlobalSection(SolutionProperties) = preSolution
		HideSolutionNode = FALSE
	EndGlobalSection
	GlobalSection(ExtensibilityGlobals) = postSolution
		SolutionGuid = {2B16880C-1061-477C-AD45-E4B4E1855527}
	EndGlobalSection
EndGlobal
